
Microsoft Visual Studio Solution File, Format Version 12.00
# Visual Studio Version 17
VisualStudioVersion = 17.13.35931.197 d17.13
MinimumVisualStudioVersion = 10.0.40219.1
Project("{8BC9CEB8-8B4A-11D0-8D11-00A0C91BC942}") = "MKR_OOP_Level2_Task4_Ustych", "MKR_OOP_Level2_Task4_Ustych\MKR_OOP_Level2_Task4_Ustych.vcxproj", "{CCEE46FE-1F0D-44C2-9F71-E43AA7011766}"
EndProject
Global
	GlobalSection(SolutionConfigurationPlatforms) = preSolution
		Debug|x64 = Debug|x64
		Debug|x86 = Debug|x86
		Release|x64 = Release|x64
		Release|x86 = Release|x86
	EndGlobalSection
	GlobalSection(ProjectConfigurationPlatforms) = postSolution
		{CCEE46FE-1F0D-44C2-9F71-E43AA7011766}.Debug|x64.ActiveCfg = Debug|x64
		{CCEE46FE-1F0D-44C2-9F71-E43AA7011766}.Debug|x64.Build.0 = Debug|x64
		{CCEE46FE-1F0D-44C2-9F71-E43AA7011766}.Debug|x86.ActiveCfg = Debug|Win32
		{CCEE46FE-1F0D-44C2-9F71-E43AA7011766}.Debug|x86.Build.0 = Debug|Win32
		{CCEE46FE-1F0D-44C2-9F71-E43AA7011766}.Release|x64.ActiveCfg = Release|x64
		{CCEE46FE-1F0D-44C2-9F71-E43AA7011766}.Release|x64.Build.0 = Release|x64
		{CCEE46FE-1F0D-44C2-9F71-E43AA7011766}.Release|x86.ActiveCfg = Release|Win32
		{CCEE46FE-1F0D-44C2-9F71-E43AA7011766}.Release|x86.Build.0 = Release|Win32
	EndGlobalSection
	GlobalSection(SolutionProperties) = preSolution
		HideSolutionNode = FALSE
	EndGlobalSection
	GlobalSection(ExtensibilityGlobals) = postSolution
		SolutionGuid = {4B94FD41-F98D-475E-95A9-C6B98E9FE72B}
	EndGlobalSection
EndGlobal
