
Microsoft Visual Studio Solution File, Format Version 12.00
# Visual Studio Version 17
VisualStudioVersion = 17.13.35931.197 d17.13
MinimumVisualStudioVersion = 10.0.40219.1
Project("{8BC9CEB8-8B4A-11D0-8D11-00A0C91BC942}") = "MKR_OOP_Level2_Task8_Ustych", "MKR_OOP_Level2_Task8_Ustych\MKR_OOP_Level2_Task8_Ustych.vcxproj", "{66667873-DF12-43E2-8DC0-C8247083E5CE}"
EndProject
Global
	GlobalSection(SolutionConfigurationPlatforms) = preSolution
		Debug|x64 = Debug|x64
		Debug|x86 = Debug|x86
		Release|x64 = Release|x64
		Release|x86 = Release|x86
	EndGlobalSection
	GlobalSection(ProjectConfigurationPlatforms) = postSolution
		{66667873-DF12-43E2-8DC0-C8247083E5CE}.Debug|x64.ActiveCfg = Debug|x64
		{66667873-DF12-43E2-8DC0-C8247083E5CE}.Debug|x64.Build.0 = Debug|x64
		{66667873-DF12-43E2-8DC0-C8247083E5CE}.Debug|x86.ActiveCfg = Debug|Win32
		{66667873-DF12-43E2-8DC0-C8247083E5CE}.Debug|x86.Build.0 = Debug|Win32
		{66667873-DF12-43E2-8DC0-C8247083E5CE}.Release|x64.ActiveCfg = Release|x64
		{66667873-DF12-43E2-8DC0-C8247083E5CE}.Release|x64.Build.0 = Release|x64
		{66667873-DF12-43E2-8DC0-C8247083E5CE}.Release|x86.ActiveCfg = Release|Win32
		{66667873-DF12-43E2-8DC0-C8247083E5CE}.Release|x86.Build.0 = Release|Win32
	EndGlobalSection
	GlobalSection(SolutionProperties) = preSolution
		HideSolutionNode = FALSE
	EndGlobalSection
	GlobalSection(ExtensibilityGlobals) = postSolution
		SolutionGuid = {644C29EE-C9D0-4744-AB83-1E885F90C7E2}
	EndGlobalSection
EndGlobal
